
Microsoft Visual Studio Solution File, Format Version 12.00
# Visual Studio Version 16
VisualStudioVersion = 16.0.29613.14
MinimumVisualStudioVersion = 10.0.40219.1
Project("{FAE04EC0-301F-11D3-BF4B-00C04F79EFBC}") = "BukaTeria", "BukaTeria.csproj", "{A1ECDC8A-44B2-4691-A5E1-0EF9862F7277}"
EndProject
Global
	GlobalSection(SolutionConfigurationPlatforms) = preSolution
		Debug|Any CPU = Debug|Any CPU
		Release|Any CPU = Release|Any CPU
	EndGlobalSection
	GlobalSection(ProjectConfigurationPlatforms) = postSolution
		{A1ECDC8A-44B2-4691-A5E1-0EF9862F7277}.Debug|Any CPU.ActiveCfg = Debug|Any CPU
		{A1ECDC8A-44B2-4691-A5E1-0EF9862F7277}.Debug|Any CPU.Build.0 = Debug|Any CPU
		{A1ECDC8A-44B2-4691-A5E1-0EF9862F7277}.Release|Any CPU.ActiveCfg = Release|Any CPU
		{A1ECDC8A-44B2-4691-A5E1-0EF9862F7277}.Release|Any CPU.Build.0 = Release|Any CPU
	EndGlobalSection
	GlobalSection(SolutionProperties) = preSolution
		HideSolutionNode = FALSE
	EndGlobalSection
	GlobalSection(ExtensibilityGlobals) = postSolution
		SolutionGuid = {A448EEDD-8489-42B3-B284-E8E7A1CBF3E2}
	EndGlobalSection
EndGlobal
